
Microsoft Visual Studio Solution File, Format Version 12.00
# Visual Studio 2012
Project("{FAE04EC0-301F-11D3-BF4B-00C04F79EFBC}") = "wpfRules", "wpfRules\wpfRules.csproj", "{CAE25001-0D1E-48E2-B1C7-4EE96476ACD3}"
EndProject
Global
	GlobalSection(SolutionConfigurationPlatforms) = preSolution
		Debug|Any CPU = Debug|Any CPU
		Release|Any CPU = Release|Any CPU
	EndGlobalSection
	GlobalSection(ProjectConfigurationPlatforms) = postSolution
		{CAE25001-0D1E-48E2-B1C7-4EE96476ACD3}.Debug|Any CPU.ActiveCfg = Debug|Any CPU
		{CAE25001-0D1E-48E2-B1C7-4EE96476ACD3}.Debug|Any CPU.Build.0 = Debug|Any CPU
		{CAE25001-0D1E-48E2-B1C7-4EE96476ACD3}.Release|Any CPU.ActiveCfg = Release|Any CPU
		{CAE25001-0D1E-48E2-B1C7-4EE96476ACD3}.Release|Any CPU.Build.0 = Release|Any CPU
	EndGlobalSection
	GlobalSection(SolutionProperties) = preSolution
		HideSolutionNode = FALSE
	EndGlobalSection
EndGlobal
